// !$*UTF8*$!
{
	archiveVersion = 1;
	classes = {
	};
	objectVersion = 48;
	objects = {

/* Begin PBXBuildFile section */
		3BECD62BB34F4404CA84BD0B /* Pods_simpleTube.framework in Frameworks */ = {isa = PBXBuildFile; fileRef = EC5ECF7F9864D2BFC134B55A /* Pods_simpleTube.framework */; };
		A18EF429230F697F00601F88 /* AppDelegate.swift in Sources */ = {isa = PBXBuildFile; fileRef = A18EF428230F697F00601F88 /* AppDelegate.swift */; };
		A18EF42B230F697F00601F88 /* ViewController.swift in Sources */ = {isa = PBXBuildFile; fileRef = A18EF42A230F697F00601F88 /* ViewController.swift */; };
		A18EF430230F697F00601F88 /* Assets.xcassets in Resources */ = {isa = PBXBuildFile; fileRef = A18EF42F230F697F00601F88 /* Assets.xcassets */; };
		A18EF433230F697F00601F88 /* LaunchScreen.storyboard in Resources */ = {isa = PBXBuildFile; fileRef = A18EF431230F697F00601F88 /* LaunchScreen.storyboard */; };
		A1EC73ED2317672B00B8C1DB /* AppInitial.swift in Sources */ = {isa = PBXBuildFile; fileRef = A1EC73B02317672A00B8C1DB /* AppInitial.swift */; };
		A1EC73EE2317672B00B8C1DB /* FFApplication.swift in Sources */ = {isa = PBXBuildFile; fileRef = A1EC73B12317672B00B8C1DB /* FFApplication.swift */; };
		A1EC73EF2317672B00B8C1DB /* FFCalendarTextField.swift in Sources */ = {isa = PBXBuildFile; fileRef = A1EC73B42317672B00B8C1DB /* FFCalendarTextField.swift */; };
		A1EC73F02317672B00B8C1DB /* FFPadPullDownTextField.swift in Sources */ = {isa = PBXBuildFile; fileRef = A1EC73B52317672B00B8C1DB /* FFPadPullDownTextField.swift */; };
		A1EC73F12317672B00B8C1DB /* FFPadSeachPullDownTextField.swift in Sources */ = {isa = PBXBuildFile; fileRef = A1EC73B62317672B00B8C1DB /* FFPadSeachPullDownTextField.swift */; };
		A1EC73F22317672B00B8C1DB /* FFPickerTextField.swift in Sources */ = {isa = PBXBuildFile; fileRef = A1EC73B72317672B00B8C1DB /* FFPickerTextField.swift */; };
		A1EC73F32317672B00B8C1DB /* FFPopNumPadTextField.swift in Sources */ = {isa = PBXBuildFile; fileRef = A1EC73B82317672B00B8C1DB /* FFPopNumPadTextField.swift */; };
		A1EC73F42317672B00B8C1DB /* FFPopPickerTextField.swift in Sources */ = {isa = PBXBuildFile; fileRef = A1EC73B92317672B00B8C1DB /* FFPopPickerTextField.swift */; };
		A1EC73F52317672B00B8C1DB /* FFAlert.swift in Sources */ = {isa = PBXBuildFile; fileRef = A1EC73BB2317672B00B8C1DB /* FFAlert.swift */; };
		A1EC73F62317672B00B8C1DB /* FFBadge.swift in Sources */ = {isa = PBXBuildFile; fileRef = A1EC73BC2317672B00B8C1DB /* FFBadge.swift */; };
		A1EC73F72317672B00B8C1DB /* FFButton.swift in Sources */ = {isa = PBXBuildFile; fileRef = A1EC73BD2317672B00B8C1DB /* FFButton.swift */; };
		A1EC73F82317672B00B8C1DB /* FFCalendar.swift in Sources */ = {isa = PBXBuildFile; fileRef = A1EC73BE2317672B00B8C1DB /* FFCalendar.swift */; };
		A1EC73FA2317672B00B8C1DB /* FFDeliveryCalendar.swift in Sources */ = {isa = PBXBuildFile; fileRef = A1EC73C02317672B00B8C1DB /* FFDeliveryCalendar.swift */; };
		A1EC73FB2317672B00B8C1DB /* FFDraggableView.swift in Sources */ = {isa = PBXBuildFile; fileRef = A1EC73C12317672B00B8C1DB /* FFDraggableView.swift */; };
		A1EC73FC2317672B00B8C1DB /* FFDrawerMenuButton.swift in Sources */ = {isa = PBXBuildFile; fileRef = A1EC73C22317672B00B8C1DB /* FFDrawerMenuButton.swift */; };
		A1EC73FD2317672B00B8C1DB /* FFDrawView.swift in Sources */ = {isa = PBXBuildFile; fileRef = A1EC73C32317672B00B8C1DB /* FFDrawView.swift */; };
		A1EC73FE2317672B00B8C1DB /* FFFlexCalendar.swift in Sources */ = {isa = PBXBuildFile; fileRef = A1EC73C42317672B00B8C1DB /* FFFlexCalendar.swift */; };
		A1EC73FF2317672B00B8C1DB /* FFFlexPicker.swift in Sources */ = {isa = PBXBuildFile; fileRef = A1EC73C52317672B00B8C1DB /* FFFlexPicker.swift */; };
		A1EC74002317672B00B8C1DB /* FFFont.swift in Sources */ = {isa = PBXBuildFile; fileRef = A1EC73C62317672B00B8C1DB /* FFFont.swift */; };
		A1EC74012317672B00B8C1DB /* FFImageView.swift in Sources */ = {isa = PBXBuildFile; fileRef = A1EC73C72317672B00B8C1DB /* FFImageView.swift */; };
		A1EC74022317672B00B8C1DB /* FFLabel.swift in Sources */ = {isa = PBXBuildFile; fileRef = A1EC73C82317672B00B8C1DB /* FFLabel.swift */; };
		A1EC74032317672B00B8C1DB /* FFMatrixView.swift in Sources */ = {isa = PBXBuildFile; fileRef = A1EC73C92317672B00B8C1DB /* FFMatrixView.swift */; };
		A1EC74042317672B00B8C1DB /* FFNumPad.swift in Sources */ = {isa = PBXBuildFile; fileRef = A1EC73CA2317672B00B8C1DB /* FFNumPad.swift */; };
		A1EC74052317672B00B8C1DB /* FFNumPadTextField.swift in Sources */ = {isa = PBXBuildFile; fileRef = A1EC73CB2317672B00B8C1DB /* FFNumPadTextField.swift */; };
		A1EC74062317672B00B8C1DB /* FFPadTextField.swift in Sources */ = {isa = PBXBuildFile; fileRef = A1EC73CC2317672B00B8C1DB /* FFPadTextField.swift */; };
		A1EC74072317672B00B8C1DB /* FFPadTextView.swift in Sources */ = {isa = PBXBuildFile; fileRef = A1EC73CD2317672B00B8C1DB /* FFPadTextView.swift */; };
		A1EC74082317672B00B8C1DB /* FFPickerKeyboardTextField.swift in Sources */ = {isa = PBXBuildFile; fileRef = A1EC73CE2317672B00B8C1DB /* FFPickerKeyboardTextField.swift */; };
		A1EC74092317672B00B8C1DB /* FFPopCalendar.swift in Sources */ = {isa = PBXBuildFile; fileRef = A1EC73CF2317672B00B8C1DB /* FFPopCalendar.swift */; };
		A1EC740A2317672B00B8C1DB /* FFPopoverViewController.swift in Sources */ = {isa = PBXBuildFile; fileRef = A1EC73D02317672B00B8C1DB /* FFPopoverViewController.swift */; };
		A1EC740B2317672B00B8C1DB /* FFRedrawButton.swift in Sources */ = {isa = PBXBuildFile; fileRef = A1EC73D12317672B00B8C1DB /* FFRedrawButton.swift */; };
		A1EC740C2317672B00B8C1DB /* FFRichSegmentedControl.swift in Sources */ = {isa = PBXBuildFile; fileRef = A1EC73D22317672B00B8C1DB /* FFRichSegmentedControl.swift */; };
		A1EC740D2317672B00B8C1DB /* FFSegementedControl.swift in Sources */ = {isa = PBXBuildFile; fileRef = A1EC73D32317672B00B8C1DB /* FFSegementedControl.swift */; };
		A1EC740E2317672B00B8C1DB /* FFSimplePickerView.swift in Sources */ = {isa = PBXBuildFile; fileRef = A1EC73D42317672B00B8C1DB /* FFSimplePickerView.swift */; };
		A1EC740F2317672B00B8C1DB /* FFSimpleTableView.swift in Sources */ = {isa = PBXBuildFile; fileRef = A1EC73D52317672B00B8C1DB /* FFSimpleTableView.swift */; };
		A1EC74102317672B00B8C1DB /* FFSwitch.swift in Sources */ = {isa = PBXBuildFile; fileRef = A1EC73D62317672B00B8C1DB /* FFSwitch.swift */; };
		A1EC74112317672B00B8C1DB /* FFSwitchButton.swift in Sources */ = {isa = PBXBuildFile; fileRef = A1EC73D72317672B00B8C1DB /* FFSwitchButton.swift */; };
		A1EC74122317672B00B8C1DB /* FFTextField.swift in Sources */ = {isa = PBXBuildFile; fileRef = A1EC73D82317672B00B8C1DB /* FFTextField.swift */; };
		A1EC74132317672B00B8C1DB /* FFTextView.swift in Sources */ = {isa = PBXBuildFile; fileRef = A1EC73D92317672B00B8C1DB /* FFTextView.swift */; };
		A1EC74142317672B00B8C1DB /* FFAesEncrypt.swift in Sources */ = {isa = PBXBuildFile; fileRef = A1EC73DC2317672B00B8C1DB /* FFAesEncrypt.swift */; };
		A1EC74152317672B00B8C1DB /* FFCore.swift in Sources */ = {isa = PBXBuildFile; fileRef = A1EC73DD2317672B00B8C1DB /* FFCore.swift */; };
		A1EC74162317672B00B8C1DB /* FFDeviceManager.swift in Sources */ = {isa = PBXBuildFile; fileRef = A1EC73DE2317672B00B8C1DB /* FFDeviceManager.swift */; };
		A1EC74172317672B00B8C1DB /* FFError.swift in Sources */ = {isa = PBXBuildFile; fileRef = A1EC73DF2317672B00B8C1DB /* FFError.swift */; };
		A1EC74182317672B00B8C1DB /* FFExtension.swift in Sources */ = {isa = PBXBuildFile; fileRef = A1EC73E02317672B00B8C1DB /* FFExtension.swift */; };
		A1EC74192317672B00B8C1DB /* FFFileManager.swift in Sources */ = {isa = PBXBuildFile; fileRef = A1EC73E12317672B00B8C1DB /* FFFileManager.swift */; };
		A1EC741A2317672B00B8C1DB /* FFSound.swift in Sources */ = {isa = PBXBuildFile; fileRef = A1EC73E22317672B00B8C1DB /* FFSound.swift */; };
		A1EC741B2317672B00B8C1DB /* FFDBManagerBase.swift in Sources */ = {isa = PBXBuildFile; fileRef = A1EC73E42317672B00B8C1DB /* FFDBManagerBase.swift */; };
		A1EC741C2317672B00B8C1DB /* FFDBProtocol.swift in Sources */ = {isa = PBXBuildFile; fileRef = A1EC73E52317672B00B8C1DB /* FFDBProtocol.swift */; };
		A1EC741D2317672B00B8C1DB /* FFLog.swift in Sources */ = {isa = PBXBuildFile; fileRef = A1EC73E72317672B00B8C1DB /* FFLog.swift */; };
		A1EC741E2317672B00B8C1DB /* FFPrinterManager.swift in Sources */ = {isa = PBXBuildFile; fileRef = A1EC73E92317672B00B8C1DB /* FFPrinterManager.swift */; };
		A1EC741F2317672B00B8C1DB /* FFReportCanvas.swift in Sources */ = {isa = PBXBuildFile; fileRef = A1EC73EA2317672B00B8C1DB /* FFReportCanvas.swift */; };
		A1EC74202317672B00B8C1DB /* FFWebCore.swift in Sources */ = {isa = PBXBuildFile; fileRef = A1EC73EC2317672B00B8C1DB /* FFWebCore.swift */; };
		A1EC74262317690400B8C1DB /* FFBaseMainViewController.swift in Sources */ = {isa = PBXBuildFile; fileRef = A1EC74222317690400B8C1DB /* FFBaseMainViewController.swift */; };
		A1EC74272317690400B8C1DB /* FFBaseMainViewControllerDesigner.swift in Sources */ = {isa = PBXBuildFile; fileRef = A1EC74232317690400B8C1DB /* FFBaseMainViewControllerDesigner.swift */; };
		A1EC74282317690400B8C1DB /* FFBaseSubViewController.swift in Sources */ = {isa = PBXBuildFile; fileRef = A1EC74242317690400B8C1DB /* FFBaseSubViewController.swift */; };
		A1EC74292317690400B8C1DB /* FFBaseSubViewControllerDesigner.swift in Sources */ = {isa = PBXBuildFile; fileRef = A1EC74252317690400B8C1DB /* FFBaseSubViewControllerDesigner.swift */; };
		A1EC742D23176BE600B8C1DB /* DrawView.swift in Sources */ = {isa = PBXBuildFile; fileRef = A1EC742C23176BE600B8C1DB /* DrawView.swift */; };
/* End PBXBuildFile section */

/* Begin PBXFileReference section */
		1B29A23CB1452752C739F40D /* Pods-simpleTube.release.xcconfig */ = {isa = PBXFileReference; includeInIndex = 1; lastKnownFileType = text.xcconfig; name = "Pods-simpleTube.release.xcconfig"; path = "Pods/Target Support Files/Pods-simpleTube/Pods-simpleTube.release.xcconfig"; sourceTree = "<group>"; };
		A18EF425230F697F00601F88 /* simpleTube.app */ = {isa = PBXFileReference; explicitFileType = wrapper.application; includeInIndex = 0; path = simpleTube.app; sourceTree = BUILT_PRODUCTS_DIR; };
		A18EF428230F697F00601F88 /* AppDelegate.swift */ = {isa = PBXFileReference; lastKnownFileType = sourcecode.swift; path = AppDelegate.swift; sourceTree = "<group>"; };
		A18EF42A230F697F00601F88 /* ViewController.swift */ = {isa = PBXFileReference; lastKnownFileType = sourcecode.swift; path = ViewController.swift; sourceTree = "<group>"; };
		A18EF42F230F697F00601F88 /* Assets.xcassets */ = {isa = PBXFileReference; lastKnownFileType = folder.assetcatalog; path = Assets.xcassets; sourceTree = "<group>"; };
		A18EF432230F697F00601F88 /* Base */ = {isa = PBXFileReference; lastKnownFileType = file.storyboard; name = Base; path = Base.lproj/LaunchScreen.storyboard; sourceTree = "<group>"; };
		A18EF434230F697F00601F88 /* Info.plist */ = {isa = PBXFileReference; lastKnownFileType = text.plist.xml; path = Info.plist; sourceTree = "<group>"; };
		A1EC73B02317672A00B8C1DB /* AppInitial.swift */ = {isa = PBXFileReference; fileEncoding = 4; lastKnownFileType = sourcecode.swift; path = AppInitial.swift; sourceTree = "<group>"; };
		A1EC73B12317672B00B8C1DB /* FFApplication.swift */ = {isa = PBXFileReference; fileEncoding = 4; lastKnownFileType = sourcecode.swift; path = FFApplication.swift; sourceTree = "<group>"; };
		A1EC73B42317672B00B8C1DB /* FFCalendarTextField.swift */ = {isa = PBXFileReference; fileEncoding = 4; lastKnownFileType = sourcecode.swift; path = FFCalendarTextField.swift; sourceTree = "<group>"; };
		A1EC73B52317672B00B8C1DB /* FFPadPullDownTextField.swift */ = {isa = PBXFileReference; fileEncoding = 4; lastKnownFileType = sourcecode.swift; path = FFPadPullDownTextField.swift; sourceTree = "<group>"; };
		A1EC73B62317672B00B8C1DB /* FFPadSeachPullDownTextField.swift */ = {isa = PBXFileReference; fileEncoding = 4; lastKnownFileType = sourcecode.swift; path = FFPadSeachPullDownTextField.swift; sourceTree = "<group>"; };
		A1EC73B72317672B00B8C1DB /* FFPickerTextField.swift */ = {isa = PBXFileReference; fileEncoding = 4; lastKnownFileType = sourcecode.swift; path = FFPickerTextField.swift; sourceTree = "<group>"; };
		A1EC73B82317672B00B8C1DB /* FFPopNumPadTextField.swift */ = {isa = PBXFileReference; fileEncoding = 4; lastKnownFileType = sourcecode.swift; path = FFPopNumPadTextField.swift; sourceTree = "<group>"; };
		A1EC73B92317672B00B8C1DB /* FFPopPickerTextField.swift */ = {isa = PBXFileReference; fileEncoding = 4; lastKnownFileType = sourcecode.swift; path = FFPopPickerTextField.swift; sourceTree = "<group>"; };
		A1EC73BB2317672B00B8C1DB /* FFAlert.swift */ = {isa = PBXFileReference; fileEncoding = 4; lastKnownFileType = sourcecode.swift; path = FFAlert.swift; sourceTree = "<group>"; };
		A1EC73BC2317672B00B8C1DB /* FFBadge.swift */ = {isa = PBXFileReference; fileEncoding = 4; lastKnownFileType = sourcecode.swift; path = FFBadge.swift; sourceTree = "<group>"; };
		A1EC73BD2317672B00B8C1DB /* FFButton.swift */ = {isa = PBXFileReference; fileEncoding = 4; lastKnownFileType = sourcecode.swift; path = FFButton.swift; sourceTree = "<group>"; };
		A1EC73BE2317672B00B8C1DB /* FFCalendar.swift */ = {isa = PBXFileReference; fileEncoding = 4; lastKnownFileType = sourcecode.swift; path = FFCalendar.swift; sourceTree = "<group>"; };
		A1EC73C02317672B00B8C1DB /* FFDeliveryCalendar.swift */ = {isa = PBXFileReference; fileEncoding = 4; lastKnownFileType = sourcecode.swift; path = FFDeliveryCalendar.swift; sourceTree = "<group>"; };
		A1EC73C12317672B00B8C1DB /* FFDraggableView.swift */ = {isa = PBXFileReference; fileEncoding = 4; lastKnownFileType = sourcecode.swift; path = FFDraggableView.swift; sourceTree = "<group>"; };
		A1EC73C22317672B00B8C1DB /* FFDrawerMenuButton.swift */ = {isa = PBXFileReference; fileEncoding = 4; lastKnownFileType = sourcecode.swift; path = FFDrawerMenuButton.swift; sourceTree = "<group>"; };
		A1EC73C32317672B00B8C1DB /* FFDrawView.swift */ = {isa = PBXFileReference; fileEncoding = 4; lastKnownFileType = sourcecode.swift; path = FFDrawView.swift; sourceTree = "<group>"; };
		A1EC73C42317672B00B8C1DB /* FFFlexCalendar.swift */ = {isa = PBXFileReference; fileEncoding = 4; lastKnownFileType = sourcecode.swift; path = FFFlexCalendar.swift; sourceTree = "<group>"; };
		A1EC73C52317672B00B8C1DB /* FFFlexPicker.swift */ = {isa = PBXFileReference; fileEncoding = 4; lastKnownFileType = sourcecode.swift; path = FFFlexPicker.swift; sourceTree = "<group>"; };
		A1EC73C62317672B00B8C1DB /* FFFont.swift */ = {isa = PBXFileReference; fileEncoding = 4; lastKnownFileType = sourcecode.swift; path = FFFont.swift; sourceTree = "<group>"; };
		A1EC73C72317672B00B8C1DB /* FFImageView.swift */ = {isa = PBXFileReference; fileEncoding = 4; lastKnownFileType = sourcecode.swift; path = FFImageView.swift; sourceTree = "<group>"; };
		A1EC73C82317672B00B8C1DB /* FFLabel.swift */ = {isa = PBXFileReference; fileEncoding = 4; lastKnownFileType = sourcecode.swift; path = FFLabel.swift; sourceTree = "<group>"; };
		A1EC73C92317672B00B8C1DB /* FFMatrixView.swift */ = {isa = PBXFileReference; fileEncoding = 4; lastKnownFileType = sourcecode.swift; path = FFMatrixView.swift; sourceTree = "<group>"; };
		A1EC73CA2317672B00B8C1DB /* FFNumPad.swift */ = {isa = PBXFileReference; fileEncoding = 4; lastKnownFileType = sourcecode.swift; path = FFNumPad.swift; sourceTree = "<group>"; };
		A1EC73CB2317672B00B8C1DB /* FFNumPadTextField.swift */ = {isa = PBXFileReference; fileEncoding = 4; lastKnownFileType = sourcecode.swift; path = FFNumPadTextField.swift; sourceTree = "<group>"; };
		A1EC73CC2317672B00B8C1DB /* FFPadTextField.swift */ = {isa = PBXFileReference; fileEncoding = 4; lastKnownFileType = sourcecode.swift; path = FFPadTextField.swift; sourceTree = "<group>"; };
		A1EC73CD2317672B00B8C1DB /* FFPadTextView.swift */ = {isa = PBXFileReference; fileEncoding = 4; lastKnownFileType = sourcecode.swift; path = FFPadTextView.swift; sourceTree = "<group>"; };
		A1EC73CE2317672B00B8C1DB /* FFPickerKeyboardTextField.swift */ = {isa = PBXFileReference; fileEncoding = 4; lastKnownFileType = sourcecode.swift; path = FFPickerKeyboardTextField.swift; sourceTree = "<group>"; };
		A1EC73CF2317672B00B8C1DB /* FFPopCalendar.swift */ = {isa = PBXFileReference; fileEncoding = 4; lastKnownFileType = sourcecode.swift; path = FFPopCalendar.swift; sourceTree = "<group>"; };
		A1EC73D02317672B00B8C1DB /* FFPopoverViewController.swift */ = {isa = PBXFileReference; fileEncoding = 4; lastKnownFileType = sourcecode.swift; path = FFPopoverViewController.swift; sourceTree = "<group>"; };
		A1EC73D12317672B00B8C1DB /* FFRedrawButton.swift */ = {isa = PBXFileReference; fileEncoding = 4; lastKnownFileType = sourcecode.swift; path = FFRedrawButton.swift; sourceTree = "<group>"; };
		A1EC73D22317672B00B8C1DB /* FFRichSegmentedControl.swift */ = {isa = PBXFileReference; fileEncoding = 4; lastKnownFileType = sourcecode.swift; path = FFRichSegmentedControl.swift; sourceTree = "<group>"; };
		A1EC73D32317672B00B8C1DB /* FFSegementedControl.swift */ = {isa = PBXFileReference; fileEncoding = 4; lastKnownFileType = sourcecode.swift; path = FFSegementedControl.swift; sourceTree = "<group>"; };
		A1EC73D42317672B00B8C1DB /* FFSimplePickerView.swift */ = {isa = PBXFileReference; fileEncoding = 4; lastKnownFileType = sourcecode.swift; path = FFSimplePickerView.swift; sourceTree = "<group>"; };
		A1EC73D52317672B00B8C1DB /* FFSimpleTableView.swift */ = {isa = PBXFileReference; fileEncoding = 4; lastKnownFileType = sourcecode.swift; path = FFSimpleTableView.swift; sourceTree = "<group>"; };
		A1EC73D62317672B00B8C1DB /* FFSwitch.swift */ = {isa = PBXFileReference; fileEncoding = 4; lastKnownFileType = sourcecode.swift; path = FFSwitch.swift; sourceTree = "<group>"; };
		A1EC73D72317672B00B8C1DB /* FFSwitchButton.swift */ = {isa = PBXFileReference; fileEncoding = 4; lastKnownFileType = sourcecode.swift; path = FFSwitchButton.swift; sourceTree = "<group>"; };
		A1EC73D82317672B00B8C1DB /* FFTextField.swift */ = {isa = PBXFileReference; fileEncoding = 4; lastKnownFileType = sourcecode.swift; path = FFTextField.swift; sourceTree = "<group>"; };
		A1EC73D92317672B00B8C1DB /* FFTextView.swift */ = {isa = PBXFileReference; fileEncoding = 4; lastKnownFileType = sourcecode.swift; path = FFTextView.swift; sourceTree = "<group>"; };
		A1EC73DC2317672B00B8C1DB /* FFAesEncrypt.swift */ = {isa = PBXFileReference; fileEncoding = 4; lastKnownFileType = sourcecode.swift; path = FFAesEncrypt.swift; sourceTree = "<group>"; };
		A1EC73DD2317672B00B8C1DB /* FFCore.swift */ = {isa = PBXFileReference; fileEncoding = 4; lastKnownFileType = sourcecode.swift; path = FFCore.swift; sourceTree = "<group>"; };
		A1EC73DE2317672B00B8C1DB /* FFDeviceManager.swift */ = {isa = PBXFileReference; fileEncoding = 4; lastKnownFileType = sourcecode.swift; path = FFDeviceManager.swift; sourceTree = "<group>"; };
		A1EC73DF2317672B00B8C1DB /* FFError.swift */ = {isa = PBXFileReference; fileEncoding = 4; lastKnownFileType = sourcecode.swift; path = FFError.swift; sourceTree = "<group>"; };
		A1EC73E02317672B00B8C1DB /* FFExtension.swift */ = {isa = PBXFileReference; fileEncoding = 4; lastKnownFileType = sourcecode.swift; path = FFExtension.swift; sourceTree = "<group>"; };
		A1EC73E12317672B00B8C1DB /* FFFileManager.swift */ = {isa = PBXFileReference; fileEncoding = 4; lastKnownFileType = sourcecode.swift; path = FFFileManager.swift; sourceTree = "<group>"; };
		A1EC73E22317672B00B8C1DB /* FFSound.swift */ = {isa = PBXFileReference; fileEncoding = 4; lastKnownFileType = sourcecode.swift; path = FFSound.swift; sourceTree = "<group>"; };
		A1EC73E42317672B00B8C1DB /* FFDBManagerBase.swift */ = {isa = PBXFileReference; fileEncoding = 4; lastKnownFileType = sourcecode.swift; path = FFDBManagerBase.swift; sourceTree = "<group>"; };
		A1EC73E52317672B00B8C1DB /* FFDBProtocol.swift */ = {isa = PBXFileReference; fileEncoding = 4; lastKnownFileType = sourcecode.swift; path = FFDBProtocol.swift; sourceTree = "<group>"; };
		A1EC73E72317672B00B8C1DB /* FFLog.swift */ = {isa = PBXFileReference; fileEncoding = 4; lastKnownFileType = sourcecode.swift; path = FFLog.swift; sourceTree = "<group>"; };
		A1EC73E92317672B00B8C1DB /* FFPrinterManager.swift */ = {isa = PBXFileReference; fileEncoding = 4; lastKnownFileType = sourcecode.swift; path = FFPrinterManager.swift; sourceTree = "<group>"; };
		A1EC73EA2317672B00B8C1DB /* FFReportCanvas.swift */ = {isa = PBXFileReference; fileEncoding = 4; lastKnownFileType = sourcecode.swift; path = FFReportCanvas.swift; sourceTree = "<group>"; };
		A1EC73EC2317672B00B8C1DB /* FFWebCore.swift */ = {isa = PBXFileReference; fileEncoding = 4; lastKnownFileType = sourcecode.swift; path = FFWebCore.swift; sourceTree = "<group>"; };
		A1EC74222317690400B8C1DB /* FFBaseMainViewController.swift */ = {isa = PBXFileReference; fileEncoding = 4; lastKnownFileType = sourcecode.swift; path = FFBaseMainViewController.swift; sourceTree = "<group>"; };
		A1EC74232317690400B8C1DB /* FFBaseMainViewControllerDesigner.swift */ = {isa = PBXFileReference; fileEncoding = 4; lastKnownFileType = sourcecode.swift; path = FFBaseMainViewControllerDesigner.swift; sourceTree = "<group>"; };
		A1EC74242317690400B8C1DB /* FFBaseSubViewController.swift */ = {isa = PBXFileReference; fileEncoding = 4; lastKnownFileType = sourcecode.swift; path = FFBaseSubViewController.swift; sourceTree = "<group>"; };
		A1EC74252317690400B8C1DB /* FFBaseSubViewControllerDesigner.swift */ = {isa = PBXFileReference; fileEncoding = 4; lastKnownFileType = sourcecode.swift; path = FFBaseSubViewControllerDesigner.swift; sourceTree = "<group>"; };
		A1EC742C23176BE600B8C1DB /* DrawView.swift */ = {isa = PBXFileReference; fileEncoding = 4; lastKnownFileType = sourcecode.swift; path = DrawView.swift; sourceTree = "<group>"; };
		B5422AC00CE0DA3D5B3D6686 /* Pods-simpleTube.debug.xcconfig */ = {isa = PBXFileReference; includeInIndex = 1; lastKnownFileType = text.xcconfig; name = "Pods-simpleTube.debug.xcconfig"; path = "Pods/Target Support Files/Pods-simpleTube/Pods-simpleTube.debug.xcconfig"; sourceTree = "<group>"; };
		EC5ECF7F9864D2BFC134B55A /* Pods_simpleTube.framework */ = {isa = PBXFileReference; explicitFileType = wrapper.framework; includeInIndex = 0; path = Pods_simpleTube.framework; sourceTree = BUILT_PRODUCTS_DIR; };
/* End PBXFileReference section */

/* Begin PBXFrameworksBuildPhase section */
		A18EF422230F697F00601F88 /* Frameworks */ = {
			isa = PBXFrameworksBuildPhase;
			buildActionMask = 2147483647;
			files = (
				3BECD62BB34F4404CA84BD0B /* Pods_simpleTube.framework in Frameworks */,
			);
			runOnlyForDeploymentPostprocessing = 0;
		};
/* End PBXFrameworksBuildPhase section */

/* Begin PBXGroup section */
		2C81492D8CB882D41E8FCEDD /* Pods */ = {
			isa = PBXGroup;
			children = (
				B5422AC00CE0DA3D5B3D6686 /* Pods-simpleTube.debug.xcconfig */,
				1B29A23CB1452752C739F40D /* Pods-simpleTube.release.xcconfig */,
			);
			name = Pods;
			sourceTree = "<group>";
		};
		A18EF41C230F697F00601F88 = {
			isa = PBXGroup;
			children = (
				A18EF427230F697F00601F88 /* simpleTube */,
				A18EF426230F697F00601F88 /* Products */,
				2C81492D8CB882D41E8FCEDD /* Pods */,
				DA02002BF6638C2C0EE94B56 /* Frameworks */,
			);
			sourceTree = "<group>";
		};
		A18EF426230F697F00601F88 /* Products */ = {
			isa = PBXGroup;
			children = (
				A18EF425230F697F00601F88 /* simpleTube.app */,
			);
			name = Products;
			sourceTree = "<group>";
		};
		A18EF427230F697F00601F88 /* simpleTube */ = {
			isa = PBXGroup;
			children = (
				A1EC742A231769B300B8C1DB /* Library */,
				A18EF434230F697F00601F88 /* Info.plist */,
				A18EF428230F697F00601F88 /* AppDelegate.swift */,
				A1EC73B02317672A00B8C1DB /* AppInitial.swift */,
				A1EC73B12317672B00B8C1DB /* FFApplication.swift */,
				A18EF42A230F697F00601F88 /* ViewController.swift */,
				A18EF42F230F697F00601F88 /* Assets.xcassets */,
				A1EC74212317690400B8C1DB /* BaseViewController */,
				A1EC73DA2317672B00B8C1DB /* Core */,
				A18EF431230F697F00601F88 /* LaunchScreen.storyboard */,
				A1EC73B22317672B00B8C1DB /* UIPart */,
			);
			path = simpleTube;
			sourceTree = "<group>";
		};
		A1EC73B22317672B00B8C1DB /* UIPart */ = {
			isa = PBXGroup;
			children = (
				A1EC73B32317672B00B8C1DB /* Compound */,
				A1EC73BA2317672B00B8C1DB /* Simple */,
			);
			path = UIPart;
			sourceTree = "<group>";
		};
		A1EC73B32317672B00B8C1DB /* Compound */ = {
			isa = PBXGroup;
			children = (
				A1EC73B42317672B00B8C1DB /* FFCalendarTextField.swift */,
				A1EC73B52317672B00B8C1DB /* FFPadPullDownTextField.swift */,
				A1EC73B62317672B00B8C1DB /* FFPadSeachPullDownTextField.swift */,
				A1EC73B72317672B00B8C1DB /* FFPickerTextField.swift */,
				A1EC73B82317672B00B8C1DB /* FFPopNumPadTextField.swift */,
				A1EC73B92317672B00B8C1DB /* FFPopPickerTextField.swift */,
			);
			path = Compound;
			sourceTree = "<group>";
		};
		A1EC73BA2317672B00B8C1DB /* Simple */ = {
			isa = PBXGroup;
			children = (
				A1EC73BB2317672B00B8C1DB /* FFAlert.swift */,
				A1EC73BC2317672B00B8C1DB /* FFBadge.swift */,
				A1EC73BD2317672B00B8C1DB /* FFButton.swift */,
				A1EC73BE2317672B00B8C1DB /* FFCalendar.swift */,
				A1EC73C02317672B00B8C1DB /* FFDeliveryCalendar.swift */,
				A1EC73C12317672B00B8C1DB /* FFDraggableView.swift */,
				A1EC73C22317672B00B8C1DB /* FFDrawerMenuButton.swift */,
				A1EC73C32317672B00B8C1DB /* FFDrawView.swift */,
				A1EC73C42317672B00B8C1DB /* FFFlexCalendar.swift */,
				A1EC73C52317672B00B8C1DB /* FFFlexPicker.swift */,
				A1EC73C62317672B00B8C1DB /* FFFont.swift */,
				A1EC73C72317672B00B8C1DB /* FFImageView.swift */,
				A1EC73C82317672B00B8C1DB /* FFLabel.swift */,
				A1EC73C92317672B00B8C1DB /* FFMatrixView.swift */,
				A1EC73CA2317672B00B8C1DB /* FFNumPad.swift */,
				A1EC73CB2317672B00B8C1DB /* FFNumPadTextField.swift */,
				A1EC73CC2317672B00B8C1DB /* FFPadTextField.swift */,
				A1EC73CD2317672B00B8C1DB /* FFPadTextView.swift */,
				A1EC73CE2317672B00B8C1DB /* FFPickerKeyboardTextField.swift */,
				A1EC73CF2317672B00B8C1DB /* FFPopCalendar.swift */,
				A1EC73D02317672B00B8C1DB /* FFPopoverViewController.swift */,
				A1EC73D12317672B00B8C1DB /* FFRedrawButton.swift */,
				A1EC73D22317672B00B8C1DB /* FFRichSegmentedControl.swift */,
				A1EC73D32317672B00B8C1DB /* FFSegementedControl.swift */,
				A1EC73D42317672B00B8C1DB /* FFSimplePickerView.swift */,
				A1EC73D52317672B00B8C1DB /* FFSimpleTableView.swift */,
				A1EC73D62317672B00B8C1DB /* FFSwitch.swift */,
				A1EC73D72317672B00B8C1DB /* FFSwitchButton.swift */,
				A1EC73D82317672B00B8C1DB /* FFTextField.swift */,
				A1EC73D92317672B00B8C1DB /* FFTextView.swift */,
			);
			path = Simple;
			sourceTree = "<group>";
		};
		A1EC73DA2317672B00B8C1DB /* Core */ = {
			isa = PBXGroup;
			children = (
				A1EC73DB2317672B00B8C1DB /* Core */,
				A1EC73E32317672B00B8C1DB /* DB */,
				A1EC73E62317672B00B8C1DB /* Log */,
				A1EC73E82317672B00B8C1DB /* Printer */,
				A1EC73EB2317672B00B8C1DB /* Web */,
			);
			path = Core;
			sourceTree = "<group>";
		};
		A1EC73DB2317672B00B8C1DB /* Core */ = {
			isa = PBXGroup;
			children = (
				A1EC73DC2317672B00B8C1DB /* FFAesEncrypt.swift */,
				A1EC73DD2317672B00B8C1DB /* FFCore.swift */,
				A1EC73DE2317672B00B8C1DB /* FFDeviceManager.swift */,
				A1EC73DF2317672B00B8C1DB /* FFError.swift */,
				A1EC73E02317672B00B8C1DB /* FFExtension.swift */,
				A1EC73E12317672B00B8C1DB /* FFFileManager.swift */,
				A1EC73E22317672B00B8C1DB /* FFSound.swift */,
			);
			path = Core;
			sourceTree = "<group>";
		};
		A1EC73E32317672B00B8C1DB /* DB */ = {
			isa = PBXGroup;
			children = (
				A1EC73E42317672B00B8C1DB /* FFDBManagerBase.swift */,
				A1EC73E52317672B00B8C1DB /* FFDBProtocol.swift */,
			);
			path = DB;
			sourceTree = "<group>";
		};
		A1EC73E62317672B00B8C1DB /* Log */ = {
			isa = PBXGroup;
			children = (
				A1EC73E72317672B00B8C1DB /* FFLog.swift */,
			);
			path = Log;
			sourceTree = "<group>";
		};
		A1EC73E82317672B00B8C1DB /* Printer */ = {
			isa = PBXGroup;
			children = (
				A1EC73E92317672B00B8C1DB /* FFPrinterManager.swift */,
				A1EC73EA2317672B00B8C1DB /* FFReportCanvas.swift */,
			);
			path = Printer;
			sourceTree = "<group>";
		};
		A1EC73EB2317672B00B8C1DB /* Web */ = {
			isa = PBXGroup;
			children = (
				A1EC73EC2317672B00B8C1DB /* FFWebCore.swift */,
			);
			path = Web;
			sourceTree = "<group>";
		};
		A1EC74212317690400B8C1DB /* BaseViewController */ = {
			isa = PBXGroup;
			children = (
				A1EC74222317690400B8C1DB /* FFBaseMainViewController.swift */,
				A1EC74232317690400B8C1DB /* FFBaseMainViewControllerDesigner.swift */,
				A1EC74242317690400B8C1DB /* FFBaseSubViewController.swift */,
				A1EC74252317690400B8C1DB /* FFBaseSubViewControllerDesigner.swift */,
			);
			path = BaseViewController;
			sourceTree = "<group>";
		};
		A1EC742A231769B300B8C1DB /* Library */ = {
			isa = PBXGroup;
			children = (
				A1EC742C23176BE600B8C1DB /* DrawView.swift */,
			);
			path = Library;
			sourceTree = "<group>";
		};
		DA02002BF6638C2C0EE94B56 /* Frameworks */ = {
			isa = PBXGroup;
			children = (
				EC5ECF7F9864D2BFC134B55A /* Pods_simpleTube.framework */,
			);
			name = Frameworks;
			sourceTree = "<group>";
		};
/* End PBXGroup section */

/* Begin PBXNativeTarget section */
		A18EF424230F697F00601F88 /* simpleTube */ = {
			isa = PBXNativeTarget;
			buildConfigurationList = A18EF437230F697F00601F88 /* Build configuration list for PBXNativeTarget "simpleTube" */;
			buildPhases = (
				B57D76C8895F7A0D4C8B53DF /* [CP] Check Pods Manifest.lock */,
				A18EF421230F697F00601F88 /* Sources */,
				A18EF422230F697F00601F88 /* Frameworks */,
				A18EF423230F697F00601F88 /* Resources */,
				EDA06C2D2DFCD828089CA81A /* [CP] Embed Pods Frameworks */,
				A18EF43A230F749600601F88 /* PrintVerAndGitHash */,
			);
			buildRules = (
			);
			dependencies = (
			);
			name = simpleTube;
			productName = simpleTube;
			productReference = A18EF425230F697F00601F88 /* simpleTube.app */;
			productType = "com.apple.product-type.application";
		};
/* End PBXNativeTarget section */

/* Begin PBXProject section */
		A18EF41D230F697F00601F88 /* Project object */ = {
			isa = PBXProject;
			attributes = {
				LastSwiftUpdateCheck = 0900;
				LastUpgradeCheck = 0900;
				ORGANIZATIONNAME = yang;
				TargetAttributes = {
					A18EF424230F697F00601F88 = {
						CreatedOnToolsVersion = 9.0;
						ProvisioningStyle = Automatic;
					};
				};
			};
			buildConfigurationList = A18EF420230F697F00601F88 /* Build configuration list for PBXProject "simpleTube" */;
			compatibilityVersion = "Xcode 8.0";
			developmentRegion = en;
			hasScannedForEncodings = 0;
			knownRegions = (
				en,
				Base,
			);
			mainGroup = A18EF41C230F697F00601F88;
			productRefGroup = A18EF426230F697F00601F88 /* Products */;
			projectDirPath = "";
			projectRoot = "";
			targets = (
				A18EF424230F697F00601F88 /* simpleTube */,
			);
		};
/* End PBXProject section */

/* Begin PBXResourcesBuildPhase section */
		A18EF423230F697F00601F88 /* Resources */ = {
			isa = PBXResourcesBuildPhase;
			buildActionMask = 2147483647;
			files = (
				A18EF433230F697F00601F88 /* LaunchScreen.storyboard in Resources */,
				A18EF430230F697F00601F88 /* Assets.xcassets in Resources */,
			);
			runOnlyForDeploymentPostprocessing = 0;
		};
/* End PBXResourcesBuildPhase section */

/* Begin PBXShellScriptBuildPhase section */
		A18EF43A230F749600601F88 /* PrintVerAndGitHash */ = {
			isa = PBXShellScriptBuildPhase;
			buildActionMask = 2147483647;
			files = (
			);
			inputPaths = (
			);
			name = PrintVerAndGitHash;
			outputPaths = (
			);
			runOnlyForDeploymentPostprocessing = 0;
			shellPath = /bin/sh;
			shellScript = "#gitHash取得\nCOMMIT_HASH=`eval git rev-parse --short HEAD`\n#plistBuddy変数化\nplistBuddy=\"/usr/libexec/PlistBuddy\"\n#AppVer変数化\nAPP_VERSION=$($plistBuddy -c \"Print CFBundleShortVersionString\" $PRODUCT_SETTINGS_PATH)\n#AppVerとGitHashを設定ファイルに反映\n$plistBuddy -c \"Set :PreferenceSpecifiers:0:Title Ver:${APP_VERSION}_${COMMIT_HASH}\" \"${BUILT_PRODUCTS_DIR}/${WRAPPER_NAME}/Settings.bundle/Root.plist\"\n#info.plist変数化\ninfoPlistFile=\"${TARGET_BUILD_DIR}/${INFOPLIST_PATH}\"\n#AppVerとGitHashをinfo.plist反映(出力用)\n$plistBuddy -c \"Set :commitHash ${APP_VERSION}_${COMMIT_HASH}\" $infoPlistFile";
		};
		B57D76C8895F7A0D4C8B53DF /* [CP] Check Pods Manifest.lock */ = {
			isa = PBXShellScriptBuildPhase;
			buildActionMask = 2147483647;
			files = (
			);
			inputPaths = (
				"${PODS_PODFILE_DIR_PATH}/Podfile.lock",
				"${PODS_ROOT}/Manifest.lock",
			);
			name = "[CP] Check Pods Manifest.lock";
			outputPaths = (
				"$(DERIVED_FILE_DIR)/Pods-simpleTube-checkManifestLockResult.txt",
			);
			runOnlyForDeploymentPostprocessing = 0;
			shellPath = /bin/sh;
			shellScript = "diff \"${PODS_PODFILE_DIR_PATH}/Podfile.lock\" \"${PODS_ROOT}/Manifest.lock\" > /dev/null\nif [ $? != 0 ] ; then\n    # print error to STDERR\n    echo \"error: The sandbox is not in sync with the Podfile.lock. Run 'pod install' or update your CocoaPods installation.\" >&2\n    exit 1\nfi\n# This output is used by Xcode 'outputs' to avoid re-running this script phase.\necho \"SUCCESS\" > \"${SCRIPT_OUTPUT_FILE_0}\"\n";
			showEnvVarsInLog = 0;
		};
		EDA06C2D2DFCD828089CA81A /* [CP] Embed Pods Frameworks */ = {
			isa = PBXShellScriptBuildPhase;
			buildActionMask = 2147483647;
			files = (
			);
			inputPaths = (
				"${SRCROOT}/Pods/Target Support Files/Pods-simpleTube/Pods-simpleTube-frameworks.sh",
				"${BUILT_PRODUCTS_DIR}/FMDB/FMDB.framework",
				"${BUILT_PRODUCTS_DIR}/HMSegmentedControl/HMSegmentedControl.framework",
				"${BUILT_PRODUCTS_DIR}/ObjcExceptionBridging/ObjcExceptionBridging.framework",
				"${BUILT_PRODUCTS_DIR}/RxCocoa/RxCocoa.framework",
				"${BUILT_PRODUCTS_DIR}/RxSwift/RxSwift.framework",
				"${BUILT_PRODUCTS_DIR}/SSZipArchive/SSZipArchive.framework",
				"${BUILT_PRODUCTS_DIR}/SVProgressHUD/SVProgressHUD.framework",
				"${BUILT_PRODUCTS_DIR}/SwiftyJSON/SwiftyJSON.framework",
				"${BUILT_PRODUCTS_DIR}/XCGLogger/XCGLogger.framework",
				"${BUILT_PRODUCTS_DIR}/youtube-ios-player-helper/youtube_ios_player_helper.framework",
			);
			name = "[CP] Embed Pods Frameworks";
			outputPaths = (
				"${TARGET_BUILD_DIR}/${FRAMEWORKS_FOLDER_PATH}/FMDB.framework",
				"${TARGET_BUILD_DIR}/${FRAMEWORKS_FOLDER_PATH}/HMSegmentedControl.framework",
				"${TARGET_BUILD_DIR}/${FRAMEWORKS_FOLDER_PATH}/ObjcExceptionBridging.framework",
				"${TARGET_BUILD_DIR}/${FRAMEWORKS_FOLDER_PATH}/RxCocoa.framework",
				"${TARGET_BUILD_DIR}/${FRAMEWORKS_FOLDER_PATH}/RxSwift.framework",
				"${TARGET_BUILD_DIR}/${FRAMEWORKS_FOLDER_PATH}/SSZipArchive.framework",
				"${TARGET_BUILD_DIR}/${FRAMEWORKS_FOLDER_PATH}/SVProgressHUD.framework",
				"${TARGET_BUILD_DIR}/${FRAMEWORKS_FOLDER_PATH}/SwiftyJSON.framework",
				"${TARGET_BUILD_DIR}/${FRAMEWORKS_FOLDER_PATH}/XCGLogger.framework",
				"${TARGET_BUILD_DIR}/${FRAMEWORKS_FOLDER_PATH}/youtube_ios_player_helper.framework",
			);
			runOnlyForDeploymentPostprocessing = 0;
			shellPath = /bin/sh;
			shellScript = "\"${SRCROOT}/Pods/Target Support Files/Pods-simpleTube/Pods-simpleTube-frameworks.sh\"\n";
			showEnvVarsInLog = 0;
		};
/* End PBXShellScriptBuildPhase section */

/* Begin PBXSourcesBuildPhase section */
		A18EF421230F697F00601F88 /* Sources */ = {
			isa = PBXSourcesBuildPhase;
			buildActionMask = 2147483647;
			files = (
				A1EC73FE2317672B00B8C1DB /* FFFlexCalendar.swift in Sources */,
				A1EC741B2317672B00B8C1DB /* FFDBManagerBase.swift in Sources */,
				A1EC74122317672B00B8C1DB /* FFTextField.swift in Sources */,
				A1EC740D2317672B00B8C1DB /* FFSegementedControl.swift in Sources */,
				A1EC74132317672B00B8C1DB /* FFTextView.swift in Sources */,
				A1EC74062317672B00B8C1DB /* FFPadTextField.swift in Sources */,
				A1EC73ED2317672B00B8C1DB /* AppInitial.swift in Sources */,
				A1EC73F42317672B00B8C1DB /* FFPopPickerTextField.swift in Sources */,
				A18EF42B230F697F00601F88 /* ViewController.swift in Sources */,
				A1EC74152317672B00B8C1DB /* FFCore.swift in Sources */,
				A1EC740E2317672B00B8C1DB /* FFSimplePickerView.swift in Sources */,
				A1EC74002317672B00B8C1DB /* FFFont.swift in Sources */,
				A1EC74262317690400B8C1DB /* FFBaseMainViewController.swift in Sources */,
				A1EC73F82317672B00B8C1DB /* FFCalendar.swift in Sources */,
				A1EC73F62317672B00B8C1DB /* FFBadge.swift in Sources */,
				A1EC74012317672B00B8C1DB /* FFImageView.swift in Sources */,
				A1EC740B2317672B00B8C1DB /* FFRedrawButton.swift in Sources */,
				A1EC74162317672B00B8C1DB /* FFDeviceManager.swift in Sources */,
				A1EC741F2317672B00B8C1DB /* FFReportCanvas.swift in Sources */,
				A1EC74042317672B00B8C1DB /* FFNumPad.swift in Sources */,
				A1EC74182317672B00B8C1DB /* FFExtension.swift in Sources */,
				A1EC73F02317672B00B8C1DB /* FFPadPullDownTextField.swift in Sources */,
				A1EC740C2317672B00B8C1DB /* FFRichSegmentedControl.swift in Sources */,
				A1EC74192317672B00B8C1DB /* FFFileManager.swift in Sources */,
				A1EC73EE2317672B00B8C1DB /* FFApplication.swift in Sources */,
				A1EC74082317672B00B8C1DB /* FFPickerKeyboardTextField.swift in Sources */,
				A1EC73FD2317672B00B8C1DB /* FFDrawView.swift in Sources */,
				A1EC740A2317672B00B8C1DB /* FFPopoverViewController.swift in Sources */,
				A1EC74092317672B00B8C1DB /* FFPopCalendar.swift in Sources */,
				A1EC74292317690400B8C1DB /* FFBaseSubViewControllerDesigner.swift in Sources */,
				A1EC741C2317672B00B8C1DB /* FFDBProtocol.swift in Sources */,
				A18EF429230F697F00601F88 /* AppDelegate.swift in Sources */,
				A1EC74022317672B00B8C1DB /* FFLabel.swift in Sources */,
				A1EC73F22317672B00B8C1DB /* FFPickerTextField.swift in Sources */,
				A1EC73F72317672B00B8C1DB /* FFButton.swift in Sources */,
				A1EC74052317672B00B8C1DB /* FFNumPadTextField.swift in Sources */,
				A1EC74032317672B00B8C1DB /* FFMatrixView.swift in Sources */,
				A1EC74272317690400B8C1DB /* FFBaseMainViewControllerDesigner.swift in Sources */,
				A1EC74102317672B00B8C1DB /* FFSwitch.swift in Sources */,
				A1EC741E2317672B00B8C1DB /* FFPrinterManager.swift in Sources */,
				A1EC73F12317672B00B8C1DB /* FFPadSeachPullDownTextField.swift in Sources */,
				A1EC74282317690400B8C1DB /* FFBaseSubViewController.swift in Sources */,
				A1EC741D2317672B00B8C1DB /* FFLog.swift in Sources */,
				A1EC73F52317672B00B8C1DB /* FFAlert.swift in Sources */,
				A1EC740F2317672B00B8C1DB /* FFSimpleTableView.swift in Sources */,
				A1EC74112317672B00B8C1DB /* FFSwitchButton.swift in Sources */,
				A1EC73FB2317672B00B8C1DB /* FFDraggableView.swift in Sources */,
				A1EC74072317672B00B8C1DB /* FFPadTextView.swift in Sources */,
				A1EC73FA2317672B00B8C1DB /* FFDeliveryCalendar.swift in Sources */,
				A1EC74172317672B00B8C1DB /* FFError.swift in Sources */,
				A1EC73F32317672B00B8C1DB /* FFPopNumPadTextField.swift in Sources */,
				A1EC73FF2317672B00B8C1DB /* FFFlexPicker.swift in Sources */,
				A1EC74202317672B00B8C1DB /* FFWebCore.swift in Sources */,
				A1EC73EF2317672B00B8C1DB /* FFCalendarTextField.swift in Sources */,
				A1EC742D23176BE600B8C1DB /* DrawView.swift in Sources */,
				A1EC741A2317672B00B8C1DB /* FFSound.swift in Sources */,
				A1EC73FC2317672B00B8C1DB /* FFDrawerMenuButton.swift in Sources */,
				A1EC74142317672B00B8C1DB /* FFAesEncrypt.swift in Sources */,
			);
			runOnlyForDeploymentPostprocessing = 0;
		};
/* End PBXSourcesBuildPhase section */

/* Begin PBXVariantGroup section */
		A18EF431230F697F00601F88 /* LaunchScreen.storyboard */ = {
			isa = PBXVariantGroup;
			children = (
				A18EF432230F697F00601F88 /* Base */,
			);
			name = LaunchScreen.storyboard;
			sourceTree = "<group>";
		};
/* End PBXVariantGroup section */

/* Begin XCBuildConfiguration section */
		A18EF435230F697F00601F88 /* Debug */ = {
			isa = XCBuildConfiguration;
			buildSettings = {
				ALWAYS_SEARCH_USER_PATHS = NO;
				CLANG_ANALYZER_NONNULL = YES;
				CLANG_ANALYZER_NUMBER_OBJECT_CONVERSION = YES_AGGRESSIVE;
				CLANG_CXX_LANGUAGE_STANDARD = "gnu++14";
				CLANG_CXX_LIBRARY = "libc++";
				CLANG_ENABLE_MODULES = YES;
				CLANG_ENABLE_OBJC_ARC = YES;
				CLANG_WARN_BLOCK_CAPTURE_AUTORELEASING = YES;
				CLANG_WARN_BOOL_CONVERSION = YES;
				CLANG_WARN_COMMA = YES;
				CLANG_WARN_CONSTANT_CONVERSION = YES;
				CLANG_WARN_DIRECT_OBJC_ISA_USAGE = YES_ERROR;
				CLANG_WARN_DOCUMENTATION_COMMENTS = YES;
				CLANG_WARN_EMPTY_BODY = YES;
				CLANG_WARN_ENUM_CONVERSION = YES;
				CLANG_WARN_INFINITE_RECURSION = YES;
				CLANG_WARN_INT_CONVERSION = YES;
				CLANG_WARN_NON_LITERAL_NULL_CONVERSION = YES;
				CLANG_WARN_OBJC_LITERAL_CONVERSION = YES;
				CLANG_WARN_OBJC_ROOT_CLASS = YES_ERROR;
				CLANG_WARN_RANGE_LOOP_ANALYSIS = YES;
				CLANG_WARN_STRICT_PROTOTYPES = YES;
				CLANG_WARN_SUSPICIOUS_MOVE = YES;
				CLANG_WARN_UNGUARDED_AVAILABILITY = YES_AGGRESSIVE;
				CLANG_WARN_UNREACHABLE_CODE = YES;
				CLANG_WARN__DUPLICATE_METHOD_MATCH = YES;
				CODE_SIGN_IDENTITY = "iPhone Developer";
				COPY_PHASE_STRIP = NO;
				DEBUG_INFORMATION_FORMAT = dwarf;
				ENABLE_STRICT_OBJC_MSGSEND = YES;
				ENABLE_TESTABILITY = YES;
				GCC_C_LANGUAGE_STANDARD = gnu11;
				GCC_DYNAMIC_NO_PIC = NO;
				GCC_NO_COMMON_BLOCKS = YES;
				GCC_OPTIMIZATION_LEVEL = 0;
				GCC_PREPROCESSOR_DEFINITIONS = (
					"DEBUG=1",
					"$(inherited)",
				);
				GCC_WARN_64_TO_32_BIT_CONVERSION = YES;
				GCC_WARN_ABOUT_RETURN_TYPE = YES_ERROR;
				GCC_WARN_UNDECLARED_SELECTOR = YES;
				GCC_WARN_UNINITIALIZED_AUTOS = YES_AGGRESSIVE;
				GCC_WARN_UNUSED_FUNCTION = YES;
				GCC_WARN_UNUSED_VARIABLE = YES;
				IPHONEOS_DEPLOYMENT_TARGET = 11.0;
				MTL_ENABLE_DEBUG_INFO = YES;
				ONLY_ACTIVE_ARCH = YES;
				SDKROOT = iphoneos;
				SWIFT_ACTIVE_COMPILATION_CONDITIONS = DEBUG;
				SWIFT_OPTIMIZATION_LEVEL = "-Onone";
				SWIFT_VERSION = 4.0;
			};
			name = Debug;
		};
		A18EF436230F697F00601F88 /* Release */ = {
			isa = XCBuildConfiguration;
			buildSettings = {
				ALWAYS_SEARCH_USER_PATHS = NO;
				CLANG_ANALYZER_NONNULL = YES;
				CLANG_ANALYZER_NUMBER_OBJECT_CONVERSION = YES_AGGRESSIVE;
				CLANG_CXX_LANGUAGE_STANDARD = "gnu++14";
				CLANG_CXX_LIBRARY = "libc++";
				CLANG_ENABLE_MODULES = YES;
				CLANG_ENABLE_OBJC_ARC = YES;
				CLANG_WARN_BLOCK_CAPTURE_AUTORELEASING = YES;
				CLANG_WARN_BOOL_CONVERSION = YES;
				CLANG_WARN_COMMA = YES;
				CLANG_WARN_CONSTANT_CONVERSION = YES;
				CLANG_WARN_DIRECT_OBJC_ISA_USAGE = YES_ERROR;
				CLANG_WARN_DOCUMENTATION_COMMENTS = YES;
				CLANG_WARN_EMPTY_BODY = YES;
				CLANG_WARN_ENUM_CONVERSION = YES;
				CLANG_WARN_INFINITE_RECURSION = YES;
				CLANG_WARN_INT_CONVERSION = YES;
				CLANG_WARN_NON_LITERAL_NULL_CONVERSION = YES;
				CLANG_WARN_OBJC_LITERAL_CONVERSION = YES;
				CLANG_WARN_OBJC_ROOT_CLASS = YES_ERROR;
				CLANG_WARN_RANGE_LOOP_ANALYSIS = YES;
				CLANG_WARN_STRICT_PROTOTYPES = YES;
				CLANG_WARN_SUSPICIOUS_MOVE = YES;
				CLANG_WARN_UNGUARDED_AVAILABILITY = YES_AGGRESSIVE;
				CLANG_WARN_UNREACHABLE_CODE = YES;
				CLANG_WARN__DUPLICATE_METHOD_MATCH = YES;
				CODE_SIGN_IDENTITY = "iPhone Developer";
				COPY_PHASE_STRIP = NO;
				DEBUG_INFORMATION_FORMAT = "dwarf-with-dsym";
				ENABLE_NS_ASSERTIONS = NO;
				ENABLE_STRICT_OBJC_MSGSEND = YES;
				GCC_C_LANGUAGE_STANDARD = gnu11;
				GCC_NO_COMMON_BLOCKS = YES;
				GCC_WARN_64_TO_32_BIT_CONVERSION = YES;
				GCC_WARN_ABOUT_RETURN_TYPE = YES_ERROR;
				GCC_WARN_UNDECLARED_SELECTOR = YES;
				GCC_WARN_UNINITIALIZED_AUTOS = YES_AGGRESSIVE;
				GCC_WARN_UNUSED_FUNCTION = YES;
				GCC_WARN_UNUSED_VARIABLE = YES;
				IPHONEOS_DEPLOYMENT_TARGET = 11.0;
				MTL_ENABLE_DEBUG_INFO = NO;
				SDKROOT = iphoneos;
				SWIFT_OPTIMIZATION_LEVEL = "-Owholemodule";
				SWIFT_VERSION = 4.0;
				VALIDATE_PRODUCT = YES;
			};
			name = Release;
		};
		A18EF438230F697F00601F88 /* Debug */ = {
			isa = XCBuildConfiguration;
			baseConfigurationReference = B5422AC00CE0DA3D5B3D6686 /* Pods-simpleTube.debug.xcconfig */;
			buildSettings = {
				ASSETCATALOG_COMPILER_APPICON_NAME = AppIcon;
				CODE_SIGN_STYLE = Automatic;
				DEVELOPMENT_TEAM = 77647EH33H;
				INFOPLIST_FILE = simpleTube/Info.plist;
				IPHONEOS_DEPLOYMENT_TARGET = 11.0;
				LD_RUNPATH_SEARCH_PATHS = "$(inherited) @executable_path/Frameworks";
				PRODUCT_BUNDLE_IDENTIFIER = "-.simpleTube";
				PRODUCT_NAME = "$(TARGET_NAME)";
				SWIFT_VERSION = 4.0;
				TARGETED_DEVICE_FAMILY = 1;
			};
			name = Debug;
		};
		A18EF439230F697F00601F88 /* Release */ = {
			isa = XCBuildConfiguration;
			baseConfigurationReference = 1B29A23CB1452752C739F40D /* Pods-simpleTube.release.xcconfig */;
			buildSettings = {
				ASSETCATALOG_COMPILER_APPICON_NAME = AppIcon;
				CODE_SIGN_STYLE = Automatic;
				DEVELOPMENT_TEAM = 77647EH33H;
				INFOPLIST_FILE = simpleTube/Info.plist;
				IPHONEOS_DEPLOYMENT_TARGET = 11.0;
				LD_RUNPATH_SEARCH_PATHS = "$(inherited) @executable_path/Frameworks";
				PRODUCT_BUNDLE_IDENTIFIER = "-.simpleTube";
				PRODUCT_NAME = "$(TARGET_NAME)";
				SWIFT_VERSION = 4.0;
				TARGETED_DEVICE_FAMILY = 1;
			};
			name = Release;
		};
/* End XCBuildConfiguration section */

/* Begin XCConfigurationList section */
		A18EF420230F697F00601F88 /* Build configuration list for PBXProject "simpleTube" */ = {
			isa = XCConfigurationList;
			buildConfigurations = (
				A18EF435230F697F00601F88 /* Debug */,
				A18EF436230F697F00601F88 /* Release */,
			);
			defaultConfigurationIsVisible = 0;
			defaultConfigurationName = Release;
		};
		A18EF437230F697F00601F88 /* Build configuration list for PBXNativeTarget "simpleTube" */ = {
			isa = XCConfigurationList;
			buildConfigurations = (
				A18EF438230F697F00601F88 /* Debug */,
				A18EF439230F697F00601F88 /* Release */,
			);
			defaultConfigurationIsVisible = 0;
			defaultConfigurationName = Release;
		};
/* End XCConfigurationList section */
	};
	rootObject = A18EF41D230F697F00601F88 /* Project object */;
}
