// !$*UTF8*$!
{
	archiveVersion = 1;
	classes = {
	};
	objectVersion = 48;
	objects = {

/* Begin PBXBuildFile section */
		3BECD62BB34F4404CA84BD0B /* Pods_simpleTube.framework in Frameworks */ = {isa = PBXBuildFile; fileRef = EC5ECF7F9864D2BFC134B55A /* Pods_simpleTube.framework */; };
		A18EF429230F697F00601F88 /* AppDelegate.swift in Sources */ = {isa = PBXBuildFile; fileRef = A18EF428230F697F00601F88 /* AppDelegate.swift */; };
		A18EF42B230F697F00601F88 /* ViewController.swift in Sources */ = {isa = PBXBuildFile; fileRef = A18EF42A230F697F00601F88 /* ViewController.swift */; };
		A18EF42E230F697F00601F88 /* Main.storyboard in Resources */ = {isa = PBXBuildFile; fileRef = A18EF42C230F697F00601F88 /* Main.storyboard */; };
		A18EF430230F697F00601F88 /* Assets.xcassets in Resources */ = {isa = PBXBuildFile; fileRef = A18EF42F230F697F00601F88 /* Assets.xcassets */; };
		A18EF433230F697F00601F88 /* LaunchScreen.storyboard in Resources */ = {isa = PBXBuildFile; fileRef = A18EF431230F697F00601F88 /* LaunchScreen.storyboard */; };
/* End PBXBuildFile section */

/* Begin PBXFileReference section */
		1B29A23CB1452752C739F40D /* Pods-simpleTube.release.xcconfig */ = {isa = PBXFileReference; includeInIndex = 1; lastKnownFileType = text.xcconfig; name = "Pods-simpleTube.release.xcconfig"; path = "Pods/Target Support Files/Pods-simpleTube/Pods-simpleTube.release.xcconfig"; sourceTree = "<group>"; };
		A18EF425230F697F00601F88 /* simpleTube.app */ = {isa = PBXFileReference; explicitFileType = wrapper.application; includeInIndex = 0; path = simpleTube.app; sourceTree = BUILT_PRODUCTS_DIR; };
		A18EF428230F697F00601F88 /* AppDelegate.swift */ = {isa = PBXFileReference; lastKnownFileType = sourcecode.swift; path = AppDelegate.swift; sourceTree = "<group>"; };
		A18EF42A230F697F00601F88 /* ViewController.swift */ = {isa = PBXFileReference; lastKnownFileType = sourcecode.swift; path = ViewController.swift; sourceTree = "<group>"; };
		A18EF42D230F697F00601F88 /* Base */ = {isa = PBXFileReference; lastKnownFileType = file.storyboard; name = Base; path = Base.lproj/Main.storyboard; sourceTree = "<group>"; };
		A18EF42F230F697F00601F88 /* Assets.xcassets */ = {isa = PBXFileReference; lastKnownFileType = folder.assetcatalog; path = Assets.xcassets; sourceTree = "<group>"; };
		A18EF432230F697F00601F88 /* Base */ = {isa = PBXFileReference; lastKnownFileType = file.storyboard; name = Base; path = Base.lproj/LaunchScreen.storyboard; sourceTree = "<group>"; };
		A18EF434230F697F00601F88 /* Info.plist */ = {isa = PBXFileReference; lastKnownFileType = text.plist.xml; path = Info.plist; sourceTree = "<group>"; };
		B5422AC00CE0DA3D5B3D6686 /* Pods-simpleTube.debug.xcconfig */ = {isa = PBXFileReference; includeInIndex = 1; lastKnownFileType = text.xcconfig; name = "Pods-simpleTube.debug.xcconfig"; path = "Pods/Target Support Files/Pods-simpleTube/Pods-simpleTube.debug.xcconfig"; sourceTree = "<group>"; };
		EC5ECF7F9864D2BFC134B55A /* Pods_simpleTube.framework */ = {isa = PBXFileReference; explicitFileType = wrapper.framework; includeInIndex = 0; path = Pods_simpleTube.framework; sourceTree = BUILT_PRODUCTS_DIR; };
/* End PBXFileReference section */

/* Begin PBXFrameworksBuildPhase section */
		A18EF422230F697F00601F88 /* Frameworks */ = {
			isa = PBXFrameworksBuildPhase;
			buildActionMask = 2147483647;
			files = (
				3BECD62BB34F4404CA84BD0B /* Pods_simpleTube.framework in Frameworks */,
			);
			runOnlyForDeploymentPostprocessing = 0;
		};
/* End PBXFrameworksBuildPhase section */

/* Begin PBXGroup section */
		2C81492D8CB882D41E8FCEDD /* Pods */ = {
			isa = PBXGroup;
			children = (
				B5422AC00CE0DA3D5B3D6686 /* Pods-simpleTube.debug.xcconfig */,
				1B29A23CB1452752C739F40D /* Pods-simpleTube.release.xcconfig */,
			);
			name = Pods;
			sourceTree = "<group>";
		};
		A18EF41C230F697F00601F88 = {
			isa = PBXGroup;
			children = (
				A18EF427230F697F00601F88 /* simpleTube */,
				A18EF426230F697F00601F88 /* Products */,
				2C81492D8CB882D41E8FCEDD /* Pods */,
				DA02002BF6638C2C0EE94B56 /* Frameworks */,
			);
			sourceTree = "<group>";
		};
		A18EF426230F697F00601F88 /* Products */ = {
			isa = PBXGroup;
			children = (
				A18EF425230F697F00601F88 /* simpleTube.app */,
			);
			name = Products;
			sourceTree = "<group>";
		};
		A18EF427230F697F00601F88 /* simpleTube */ = {
			isa = PBXGroup;
			children = (
				A18EF428230F697F00601F88 /* AppDelegate.swift */,
				A18EF42A230F697F00601F88 /* ViewController.swift */,
				A18EF42C230F697F00601F88 /* Main.storyboard */,
				A18EF42F230F697F00601F88 /* Assets.xcassets */,
				A18EF431230F697F00601F88 /* LaunchScreen.storyboard */,
				A18EF434230F697F00601F88 /* Info.plist */,
			);
			path = simpleTube;
			sourceTree = "<group>";
		};
		DA02002BF6638C2C0EE94B56 /* Frameworks */ = {
			isa = PBXGroup;
			children = (
				EC5ECF7F9864D2BFC134B55A /* Pods_simpleTube.framework */,
			);
			name = Frameworks;
			sourceTree = "<group>";
		};
/* End PBXGroup section */

/* Begin PBXNativeTarget section */
		A18EF424230F697F00601F88 /* simpleTube */ = {
			isa = PBXNativeTarget;
			buildConfigurationList = A18EF437230F697F00601F88 /* Build configuration list for PBXNativeTarget "simpleTube" */;
			buildPhases = (
				B57D76C8895F7A0D4C8B53DF /* [CP] Check Pods Manifest.lock */,
				A18EF421230F697F00601F88 /* Sources */,
				A18EF422230F697F00601F88 /* Frameworks */,
				A18EF423230F697F00601F88 /* Resources */,
				EDA06C2D2DFCD828089CA81A /* [CP] Embed Pods Frameworks */,
				A18EF43A230F749600601F88 /* PrintVerAndGitHash */,
			);
			buildRules = (
			);
			dependencies = (
			);
			name = simpleTube;
			productName = simpleTube;
			productReference = A18EF425230F697F00601F88 /* simpleTube.app */;
			productType = "com.apple.product-type.application";
		};
/* End PBXNativeTarget section */

/* Begin PBXProject section */
		A18EF41D230F697F00601F88 /* Project object */ = {
			isa = PBXProject;
			attributes = {
				LastSwiftUpdateCheck = 0900;
				LastUpgradeCheck = 0900;
				ORGANIZATIONNAME = yang;
				TargetAttributes = {
					A18EF424230F697F00601F88 = {
						CreatedOnToolsVersion = 9.0;
						ProvisioningStyle = Automatic;
					};
				};
			};
			buildConfigurationList = A18EF420230F697F00601F88 /* Build configuration list for PBXProject "simpleTube" */;
			compatibilityVersion = "Xcode 8.0";
			developmentRegion = en;
			hasScannedForEncodings = 0;
			knownRegions = (
				en,
				Base,
			);
			mainGroup = A18EF41C230F697F00601F88;
			productRefGroup = A18EF426230F697F00601F88 /* Products */;
			projectDirPath = "";
			projectRoot = "";
			targets = (
				A18EF424230F697F00601F88 /* simpleTube */,
			);
		};
/* End PBXProject section */

/* Begin PBXResourcesBuildPhase section */
		A18EF423230F697F00601F88 /* Resources */ = {
			isa = PBXResourcesBuildPhase;
			buildActionMask = 2147483647;
			files = (
				A18EF433230F697F00601F88 /* LaunchScreen.storyboard in Resources */,
				A18EF430230F697F00601F88 /* Assets.xcassets in Resources */,
				A18EF42E230F697F00601F88 /* Main.storyboard in Resources */,
			);
			runOnlyForDeploymentPostprocessing = 0;
		};
/* End PBXResourcesBuildPhase section */

/* Begin PBXShellScriptBuildPhase section */
		A18EF43A230F749600601F88 /* PrintVerAndGitHash */ = {
			isa = PBXShellScriptBuildPhase;
			buildActionMask = 2147483647;
			files = (
			);
			inputPaths = (
			);
			name = PrintVerAndGitHash;
			outputPaths = (
			);
			runOnlyForDeploymentPostprocessing = 0;
			shellPath = /bin/sh;
			shellScript = "#gitHash取得\nCOMMIT_HASH=`eval git rev-parse --short HEAD`\n#plistBuddy変数化\nplistBuddy=\"/usr/libexec/PlistBuddy\"\n#AppVer変数化\nAPP_VERSION=$($plistBuddy -c \"Print CFBundleShortVersionString\" $PRODUCT_SETTINGS_PATH)\n#AppVerとGitHashを設定ファイルに反映\n$plistBuddy -c \"Set :PreferenceSpecifiers:0:Title Ver:${APP_VERSION}_${COMMIT_HASH}\" \"${BUILT_PRODUCTS_DIR}/${WRAPPER_NAME}/Settings.bundle/Root.plist\"\n#info.plist変数化\ninfoPlistFile=\"${TARGET_BUILD_DIR}/${INFOPLIST_PATH}\"\n#AppVerとGitHashをinfo.plist反映(出力用)\n$plistBuddy -c \"Set :commitHash ${APP_VERSION}_${COMMIT_HASH}\" $infoPlistFile";
		};
		B57D76C8895F7A0D4C8B53DF /* [CP] Check Pods Manifest.lock */ = {
			isa = PBXShellScriptBuildPhase;
			buildActionMask = 2147483647;
			files = (
			);
			inputPaths = (
				"${PODS_PODFILE_DIR_PATH}/Podfile.lock",
				"${PODS_ROOT}/Manifest.lock",
			);
			name = "[CP] Check Pods Manifest.lock";
			outputPaths = (
				"$(DERIVED_FILE_DIR)/Pods-simpleTube-checkManifestLockResult.txt",
			);
			runOnlyForDeploymentPostprocessing = 0;
			shellPath = /bin/sh;
			shellScript = "diff \"${PODS_PODFILE_DIR_PATH}/Podfile.lock\" \"${PODS_ROOT}/Manifest.lock\" > /dev/null\nif [ $? != 0 ] ; then\n    # print error to STDERR\n    echo \"error: The sandbox is not in sync with the Podfile.lock. Run 'pod install' or update your CocoaPods installation.\" >&2\n    exit 1\nfi\n# This output is used by Xcode 'outputs' to avoid re-running this script phase.\necho \"SUCCESS\" > \"${SCRIPT_OUTPUT_FILE_0}\"\n";
			showEnvVarsInLog = 0;
		};
		EDA06C2D2DFCD828089CA81A /* [CP] Embed Pods Frameworks */ = {
			isa = PBXShellScriptBuildPhase;
			buildActionMask = 2147483647;
			files = (
			);
			inputPaths = (
				"${SRCROOT}/Pods/Target Support Files/Pods-simpleTube/Pods-simpleTube-frameworks.sh",
				"${BUILT_PRODUCTS_DIR}/HMSegmentedControl/HMSegmentedControl.framework",
				"${BUILT_PRODUCTS_DIR}/ObjcExceptionBridging/ObjcExceptionBridging.framework",
				"${BUILT_PRODUCTS_DIR}/RxCocoa/RxCocoa.framework",
				"${BUILT_PRODUCTS_DIR}/RxSwift/RxSwift.framework",
				"${BUILT_PRODUCTS_DIR}/SSZipArchive/SSZipArchive.framework",
				"${BUILT_PRODUCTS_DIR}/SVProgressHUD/SVProgressHUD.framework",
				"${BUILT_PRODUCTS_DIR}/SwiftyJSON/SwiftyJSON.framework",
				"${BUILT_PRODUCTS_DIR}/XCGLogger/XCGLogger.framework",
				"${BUILT_PRODUCTS_DIR}/youtube-ios-player-helper/youtube_ios_player_helper.framework",
			);
			name = "[CP] Embed Pods Frameworks";
			outputPaths = (
				"${TARGET_BUILD_DIR}/${FRAMEWORKS_FOLDER_PATH}/HMSegmentedControl.framework",
				"${TARGET_BUILD_DIR}/${FRAMEWORKS_FOLDER_PATH}/ObjcExceptionBridging.framework",
				"${TARGET_BUILD_DIR}/${FRAMEWORKS_FOLDER_PATH}/RxCocoa.framework",
				"${TARGET_BUILD_DIR}/${FRAMEWORKS_FOLDER_PATH}/RxSwift.framework",
				"${TARGET_BUILD_DIR}/${FRAMEWORKS_FOLDER_PATH}/SSZipArchive.framework",
				"${TARGET_BUILD_DIR}/${FRAMEWORKS_FOLDER_PATH}/SVProgressHUD.framework",
				"${TARGET_BUILD_DIR}/${FRAMEWORKS_FOLDER_PATH}/SwiftyJSON.framework",
				"${TARGET_BUILD_DIR}/${FRAMEWORKS_FOLDER_PATH}/XCGLogger.framework",
				"${TARGET_BUILD_DIR}/${FRAMEWORKS_FOLDER_PATH}/youtube_ios_player_helper.framework",
			);
			runOnlyForDeploymentPostprocessing = 0;
			shellPath = /bin/sh;
			shellScript = "\"${SRCROOT}/Pods/Target Support Files/Pods-simpleTube/Pods-simpleTube-frameworks.sh\"\n";
			showEnvVarsInLog = 0;
		};
/* End PBXShellScriptBuildPhase section */

/* Begin PBXSourcesBuildPhase section */
		A18EF421230F697F00601F88 /* Sources */ = {
			isa = PBXSourcesBuildPhase;
			buildActionMask = 2147483647;
			files = (
				A18EF42B230F697F00601F88 /* ViewController.swift in Sources */,
				A18EF429230F697F00601F88 /* AppDelegate.swift in Sources */,
			);
			runOnlyForDeploymentPostprocessing = 0;
		};
/* End PBXSourcesBuildPhase section */

/* Begin PBXVariantGroup section */
		A18EF42C230F697F00601F88 /* Main.storyboard */ = {
			isa = PBXVariantGroup;
			children = (
				A18EF42D230F697F00601F88 /* Base */,
			);
			name = Main.storyboard;
			sourceTree = "<group>";
		};
		A18EF431230F697F00601F88 /* LaunchScreen.storyboard */ = {
			isa = PBXVariantGroup;
			children = (
				A18EF432230F697F00601F88 /* Base */,
			);
			name = LaunchScreen.storyboard;
			sourceTree = "<group>";
		};
/* End PBXVariantGroup section */

/* Begin XCBuildConfiguration section */
		A18EF435230F697F00601F88 /* Debug */ = {
			isa = XCBuildConfiguration;
			buildSettings = {
				ALWAYS_SEARCH_USER_PATHS = NO;
				CLANG_ANALYZER_NONNULL = YES;
				CLANG_ANALYZER_NUMBER_OBJECT_CONVERSION = YES_AGGRESSIVE;
				CLANG_CXX_LANGUAGE_STANDARD = "gnu++14";
				CLANG_CXX_LIBRARY = "libc++";
				CLANG_ENABLE_MODULES = YES;
				CLANG_ENABLE_OBJC_ARC = YES;
				CLANG_WARN_BLOCK_CAPTURE_AUTORELEASING = YES;
				CLANG_WARN_BOOL_CONVERSION = YES;
				CLANG_WARN_COMMA = YES;
				CLANG_WARN_CONSTANT_CONVERSION = YES;
				CLANG_WARN_DIRECT_OBJC_ISA_USAGE = YES_ERROR;
				CLANG_WARN_DOCUMENTATION_COMMENTS = YES;
				CLANG_WARN_EMPTY_BODY = YES;
				CLANG_WARN_ENUM_CONVERSION = YES;
				CLANG_WARN_INFINITE_RECURSION = YES;
				CLANG_WARN_INT_CONVERSION = YES;
				CLANG_WARN_NON_LITERAL_NULL_CONVERSION = YES;
				CLANG_WARN_OBJC_LITERAL_CONVERSION = YES;
				CLANG_WARN_OBJC_ROOT_CLASS = YES_ERROR;
				CLANG_WARN_RANGE_LOOP_ANALYSIS = YES;
				CLANG_WARN_STRICT_PROTOTYPES = YES;
				CLANG_WARN_SUSPICIOUS_MOVE = YES;
				CLANG_WARN_UNGUARDED_AVAILABILITY = YES_AGGRESSIVE;
				CLANG_WARN_UNREACHABLE_CODE = YES;
				CLANG_WARN__DUPLICATE_METHOD_MATCH = YES;
				CODE_SIGN_IDENTITY = "iPhone Developer";
				COPY_PHASE_STRIP = NO;
				DEBUG_INFORMATION_FORMAT = dwarf;
				ENABLE_STRICT_OBJC_MSGSEND = YES;
				ENABLE_TESTABILITY = YES;
				GCC_C_LANGUAGE_STANDARD = gnu11;
				GCC_DYNAMIC_NO_PIC = NO;
				GCC_NO_COMMON_BLOCKS = YES;
				GCC_OPTIMIZATION_LEVEL = 0;
				GCC_PREPROCESSOR_DEFINITIONS = (
					"DEBUG=1",
					"$(inherited)",
				);
				GCC_WARN_64_TO_32_BIT_CONVERSION = YES;
				GCC_WARN_ABOUT_RETURN_TYPE = YES_ERROR;
				GCC_WARN_UNDECLARED_SELECTOR = YES;
				GCC_WARN_UNINITIALIZED_AUTOS = YES_AGGRESSIVE;
				GCC_WARN_UNUSED_FUNCTION = YES;
				GCC_WARN_UNUSED_VARIABLE = YES;
				IPHONEOS_DEPLOYMENT_TARGET = 11.0;
				MTL_ENABLE_DEBUG_INFO = YES;
				ONLY_ACTIVE_ARCH = YES;
				SDKROOT = iphoneos;
				SWIFT_ACTIVE_COMPILATION_CONDITIONS = DEBUG;
				SWIFT_OPTIMIZATION_LEVEL = "-Onone";
				SWIFT_VERSION = 4.0;
			};
			name = Debug;
		};
		A18EF436230F697F00601F88 /* Release */ = {
			isa = XCBuildConfiguration;
			buildSettings = {
				ALWAYS_SEARCH_USER_PATHS = NO;
				CLANG_ANALYZER_NONNULL = YES;
				CLANG_ANALYZER_NUMBER_OBJECT_CONVERSION = YES_AGGRESSIVE;
				CLANG_CXX_LANGUAGE_STANDARD = "gnu++14";
				CLANG_CXX_LIBRARY = "libc++";
				CLANG_ENABLE_MODULES = YES;
				CLANG_ENABLE_OBJC_ARC = YES;
				CLANG_WARN_BLOCK_CAPTURE_AUTORELEASING = YES;
				CLANG_WARN_BOOL_CONVERSION = YES;
				CLANG_WARN_COMMA = YES;
				CLANG_WARN_CONSTANT_CONVERSION = YES;
				CLANG_WARN_DIRECT_OBJC_ISA_USAGE = YES_ERROR;
				CLANG_WARN_DOCUMENTATION_COMMENTS = YES;
				CLANG_WARN_EMPTY_BODY = YES;
				CLANG_WARN_ENUM_CONVERSION = YES;
				CLANG_WARN_INFINITE_RECURSION = YES;
				CLANG_WARN_INT_CONVERSION = YES;
				CLANG_WARN_NON_LITERAL_NULL_CONVERSION = YES;
				CLANG_WARN_OBJC_LITERAL_CONVERSION = YES;
				CLANG_WARN_OBJC_ROOT_CLASS = YES_ERROR;
				CLANG_WARN_RANGE_LOOP_ANALYSIS = YES;
				CLANG_WARN_STRICT_PROTOTYPES = YES;
				CLANG_WARN_SUSPICIOUS_MOVE = YES;
				CLANG_WARN_UNGUARDED_AVAILABILITY = YES_AGGRESSIVE;
				CLANG_WARN_UNREACHABLE_CODE = YES;
				CLANG_WARN__DUPLICATE_METHOD_MATCH = YES;
				CODE_SIGN_IDENTITY = "iPhone Developer";
				COPY_PHASE_STRIP = NO;
				DEBUG_INFORMATION_FORMAT = "dwarf-with-dsym";
				ENABLE_NS_ASSERTIONS = NO;
				ENABLE_STRICT_OBJC_MSGSEND = YES;
				GCC_C_LANGUAGE_STANDARD = gnu11;
				GCC_NO_COMMON_BLOCKS = YES;
				GCC_WARN_64_TO_32_BIT_CONVERSION = YES;
				GCC_WARN_ABOUT_RETURN_TYPE = YES_ERROR;
				GCC_WARN_UNDECLARED_SELECTOR = YES;
				GCC_WARN_UNINITIALIZED_AUTOS = YES_AGGRESSIVE;
				GCC_WARN_UNUSED_FUNCTION = YES;
				GCC_WARN_UNUSED_VARIABLE = YES;
				IPHONEOS_DEPLOYMENT_TARGET = 11.0;
				MTL_ENABLE_DEBUG_INFO = NO;
				SDKROOT = iphoneos;
				SWIFT_OPTIMIZATION_LEVEL = "-Owholemodule";
				SWIFT_VERSION = 4.0;
				VALIDATE_PRODUCT = YES;
			};
			name = Release;
		};
		A18EF438230F697F00601F88 /* Debug */ = {
			isa = XCBuildConfiguration;
			baseConfigurationReference = B5422AC00CE0DA3D5B3D6686 /* Pods-simpleTube.debug.xcconfig */;
			buildSettings = {
				ASSETCATALOG_COMPILER_APPICON_NAME = AppIcon;
				CODE_SIGN_STYLE = Automatic;
				DEVELOPMENT_TEAM = 77647EH33H;
				INFOPLIST_FILE = simpleTube/Info.plist;
				IPHONEOS_DEPLOYMENT_TARGET = 11.0;
				LD_RUNPATH_SEARCH_PATHS = "$(inherited) @executable_path/Frameworks";
				PRODUCT_BUNDLE_IDENTIFIER = "-.simpleTube";
				PRODUCT_NAME = "$(TARGET_NAME)";
				SWIFT_VERSION = 4.0;
				TARGETED_DEVICE_FAMILY = 1;
			};
			name = Debug;
		};
		A18EF439230F697F00601F88 /* Release */ = {
			isa = XCBuildConfiguration;
			baseConfigurationReference = 1B29A23CB1452752C739F40D /* Pods-simpleTube.release.xcconfig */;
			buildSettings = {
				ASSETCATALOG_COMPILER_APPICON_NAME = AppIcon;
				CODE_SIGN_STYLE = Automatic;
				DEVELOPMENT_TEAM = 77647EH33H;
				INFOPLIST_FILE = simpleTube/Info.plist;
				IPHONEOS_DEPLOYMENT_TARGET = 11.0;
				LD_RUNPATH_SEARCH_PATHS = "$(inherited) @executable_path/Frameworks";
				PRODUCT_BUNDLE_IDENTIFIER = "-.simpleTube";
				PRODUCT_NAME = "$(TARGET_NAME)";
				SWIFT_VERSION = 4.0;
				TARGETED_DEVICE_FAMILY = 1;
			};
			name = Release;
		};
/* End XCBuildConfiguration section */

/* Begin XCConfigurationList section */
		A18EF420230F697F00601F88 /* Build configuration list for PBXProject "simpleTube" */ = {
			isa = XCConfigurationList;
			buildConfigurations = (
				A18EF435230F697F00601F88 /* Debug */,
				A18EF436230F697F00601F88 /* Release */,
			);
			defaultConfigurationIsVisible = 0;
			defaultConfigurationName = Release;
		};
		A18EF437230F697F00601F88 /* Build configuration list for PBXNativeTarget "simpleTube" */ = {
			isa = XCConfigurationList;
			buildConfigurations = (
				A18EF438230F697F00601F88 /* Debug */,
				A18EF439230F697F00601F88 /* Release */,
			);
			defaultConfigurationIsVisible = 0;
			defaultConfigurationName = Release;
		};
/* End XCConfigurationList section */
	};
	rootObject = A18EF41D230F697F00601F88 /* Project object */;
}
